{
  "name": "orm-sequelize",
  "version": "0.1.0",
  "lockfileVersion": 3,
  "requires": true,
  "packages": {
    "": {
      "name": "orm-sequelize",
      "version": "0.1.0",
      "dependencies": {
        "sequelize": "^6.37.0",
        "pg": "^8.13.0"
      },
      "devDependencies": {
        "sequelize-cli": "^6.6.0"
      }
    }
  }
}